
Microsoft Visual Studio Solution File, Format Version 12.00
# Visual Studio Version 17
VisualStudioVersion = 17.2.32630.192
MinimumVisualStudioVersion = 10.0.40219.1
Project("{FAE04EC0-301F-11D3-BF4B-00C04F79EFBC}") = "StokKontrolProject.Entities", "StokKontrolProject.Entities\StokKontrolProject.Entities.csproj", "{C99A70F8-E09A-47EE-A59C-A244F336394C}"
EndProject
Project("{FAE04EC0-301F-11D3-BF4B-00C04F79EFBC}") = "StokKontrolProject.Service", "StokKontrolProject.Service\StokKontrolProject.Service.csproj", "{136D7EE2-18DB-43D4-BA68-39C7A93969FD}"
EndProject
Project("{FAE04EC0-301F-11D3-BF4B-00C04F79EFBC}") = "StokKontrolProject.Repositories", "StokKontrolProject.Repositories\StokKontrolProject.Repositories.csproj", "{04C35270-AB1F-4A71-8CFE-7AB1E1397AF9}"
EndProject
Project("{FAE04EC0-301F-11D3-BF4B-00C04F79EFBC}") = "StokKontrolProject.API", "StokKontrolProject.API\StokKontrolProject.API.csproj", "{3C8E3407-AC5D-4F96-ABF3-000045392F17}"
EndProject
Project("{FAE04EC0-301F-11D3-BF4B-00C04F79EFBC}") = "StokKontrolProject.UI", "StokKontrolProject.UI\StokKontrolProject.UI.csproj", "{6E0BD95B-CF94-486C-A13E-CDB08B5BD38A}"
EndProject
Global
	GlobalSection(SolutionConfigurationPlatforms) = preSolution
		Debug|Any CPU = Debug|Any CPU
		Release|Any CPU = Release|Any CPU
	EndGlobalSection
	GlobalSection(ProjectConfigurationPlatforms) = postSolution
		{C99A70F8-E09A-47EE-A59C-A244F336394C}.Debug|Any CPU.ActiveCfg = Debug|Any CPU
		{C99A70F8-E09A-47EE-A59C-A244F336394C}.Debug|Any CPU.Build.0 = Debug|Any CPU
		{C99A70F8-E09A-47EE-A59C-A244F336394C}.Release|Any CPU.ActiveCfg = Release|Any CPU
		{C99A70F8-E09A-47EE-A59C-A244F336394C}.Release|Any CPU.Build.0 = Release|Any CPU
		{136D7EE2-18DB-43D4-BA68-39C7A93969FD}.Debug|Any CPU.ActiveCfg = Debug|Any CPU
		{136D7EE2-18DB-43D4-BA68-39C7A93969FD}.Debug|Any CPU.Build.0 = Debug|Any CPU
		{136D7EE2-18DB-43D4-BA68-39C7A93969FD}.Release|Any CPU.ActiveCfg = Release|Any CPU
		{136D7EE2-18DB-43D4-BA68-39C7A93969FD}.Release|Any CPU.Build.0 = Release|Any CPU
		{04C35270-AB1F-4A71-8CFE-7AB1E1397AF9}.Debug|Any CPU.ActiveCfg = Debug|Any CPU
		{04C35270-AB1F-4A71-8CFE-7AB1E1397AF9}.Debug|Any CPU.Build.0 = Debug|Any CPU
		{04C35270-AB1F-4A71-8CFE-7AB1E1397AF9}.Release|Any CPU.ActiveCfg = Release|Any CPU
		{04C35270-AB1F-4A71-8CFE-7AB1E1397AF9}.Release|Any CPU.Build.0 = Release|Any CPU
		{3C8E3407-AC5D-4F96-ABF3-000045392F17}.Debug|Any CPU.ActiveCfg = Debug|Any CPU
		{3C8E3407-AC5D-4F96-ABF3-000045392F17}.Debug|Any CPU.Build.0 = Debug|Any CPU
		{3C8E3407-AC5D-4F96-ABF3-000045392F17}.Release|Any CPU.ActiveCfg = Release|Any CPU
		{3C8E3407-AC5D-4F96-ABF3-000045392F17}.Release|Any CPU.Build.0 = Release|Any CPU
		{6E0BD95B-CF94-486C-A13E-CDB08B5BD38A}.Debug|Any CPU.ActiveCfg = Debug|Any CPU
		{6E0BD95B-CF94-486C-A13E-CDB08B5BD38A}.Debug|Any CPU.Build.0 = Debug|Any CPU
		{6E0BD95B-CF94-486C-A13E-CDB08B5BD38A}.Release|Any CPU.ActiveCfg = Release|Any CPU
		{6E0BD95B-CF94-486C-A13E-CDB08B5BD38A}.Release|Any CPU.Build.0 = Release|Any CPU
	EndGlobalSection
	GlobalSection(SolutionProperties) = preSolution
		HideSolutionNode = FALSE
	EndGlobalSection
	GlobalSection(ExtensibilityGlobals) = postSolution
		SolutionGuid = {0D148B48-101F-43E2-97B4-91978AF11755}
	EndGlobalSection
EndGlobal
